
Microsoft Visual Studio Solution File, Format Version 12.00
# Visual Studio Version 16
VisualStudioVersion = 16.0.30128.74
MinimumVisualStudioVersion = 10.0.40219.1
Project("{FAE04EC0-301F-11D3-BF4B-00C04F79EFBC}") = "Lab18", "Lab18.csproj", "{AACC400F-E0DE-4205-A60F-A30E65936716}"
EndProject
Global
	GlobalSection(SolutionConfigurationPlatforms) = preSolution
		Debug|Any CPU = Debug|Any CPU
		Release|Any CPU = Release|Any CPU
	EndGlobalSection
	GlobalSection(ProjectConfigurationPlatforms) = postSolution
		{AACC400F-E0DE-4205-A60F-A30E65936716}.Debug|Any CPU.ActiveCfg = Debug|Any CPU
		{AACC400F-E0DE-4205-A60F-A30E65936716}.Debug|Any CPU.Build.0 = Debug|Any CPU
		{AACC400F-E0DE-4205-A60F-A30E65936716}.Release|Any CPU.ActiveCfg = Release|Any CPU
		{AACC400F-E0DE-4205-A60F-A30E65936716}.Release|Any CPU.Build.0 = Release|Any CPU
	EndGlobalSection
	GlobalSection(SolutionProperties) = preSolution
		HideSolutionNode = FALSE
	EndGlobalSection
	GlobalSection(ExtensibilityGlobals) = postSolution
		SolutionGuid = {060AE364-4FCC-46F0-89AF-6FF324683800}
	EndGlobalSection
EndGlobal
